github.com/UedaTakeyuki/getLatestReleaseName/latestReleaseName v0.0.0-20240602035643-5e95acd020b5 h1:5ijhU7csF9BNiWqULJ5utHs9Se5KN4vcHnp52ta0j9Y=
github.com/UedaTakeyuki/getLatestReleaseName/latestReleaseName v0.0.0-20240602035643-5e95acd020b5/go.mod h1:ZCSNwaI6REgq+p9+g9lpMAHDZV9An7W0EJk7i98fX1M=
github.com/UedaTakeyuki/getLatestReleaseName/latestReleaseName v0.0.0-20240602042717-48152600c444 h1:k1WYOcljmf59iiHQtk6nxqEGGvV47MunTUdbR1zdIks=
github.com/UedaTakeyuki/getLatestReleaseName/latestReleaseName v0.0.0-20240602042717-48152600c444/go.mod h1:ZCSNwaI6REgq+p9+g9lpMAHDZV9An7W0EJk7i98fX1M=
github.com/UedaTakeyuki/getLatestReleaseName/latestReleaseName v0.0.0-20240602044055-5e46dd884bdf h1:9pjFr6j7Z8wv+cZKyS6Vf2qkFMosr9jK/p6IFymD/2U=
github.com/UedaTakeyuki/getLatestReleaseName/latestReleaseName v0.0.0-20240602044055-5e46dd884bdf/go.mod h1:ZCSNwaI6REgq+p9+g9lpMAHDZV9An7W0EJk7i98fX1M=
github.com/UedaTakeyuki/getLatestReleaseName/latestReleaseName v0.0.0-20240602044252-c75357b322f2 h1:6LuoEATDlf+xWp6gCfWard15CVMgUEuWyKBXBM5gOGc=
github.com/UedaTakeyuki/getLatestReleaseName/latestReleaseName v0.0.0-20240602044252-c75357b322f2/go.mod h1:ZCSNwaI6REgq+p9+g9lpMAHDZV9An7W0EJk7i98fX1M=
